
Microsoft Visual Studio Solution File, Format Version 12.00
# Visual Studio Version 17
VisualStudioVersion = 17.9.34714.143
MinimumVisualStudioVersion = 10.0.40219.1
Project("{FAE04EC0-301F-11D3-BF4B-00C04F79EFBC}") = "Jogo da adivinhacao", "Jogo da adivinhacao\Jogo da adivinhacao.csproj", "{5796C6EB-E592-43E8-8CCF-26AAD707AB74}"
EndProject
Global
	GlobalSection(SolutionConfigurationPlatforms) = preSolution
		Debug|Any CPU = Debug|Any CPU
		Release|Any CPU = Release|Any CPU
	EndGlobalSection
	GlobalSection(ProjectConfigurationPlatforms) = postSolution
		{5796C6EB-E592-43E8-8CCF-26AAD707AB74}.Debug|Any CPU.ActiveCfg = Debug|Any CPU
		{5796C6EB-E592-43E8-8CCF-26AAD707AB74}.Debug|Any CPU.Build.0 = Debug|Any CPU
		{5796C6EB-E592-43E8-8CCF-26AAD707AB74}.Release|Any CPU.ActiveCfg = Release|Any CPU
		{5796C6EB-E592-43E8-8CCF-26AAD707AB74}.Release|Any CPU.Build.0 = Release|Any CPU
	EndGlobalSection
	GlobalSection(SolutionProperties) = preSolution
		HideSolutionNode = FALSE
	EndGlobalSection
	GlobalSection(ExtensibilityGlobals) = postSolution
		SolutionGuid = {E1203FAF-D888-4305-9E4E-FC9ACC1A4303}
	EndGlobalSection
EndGlobal
